
Microsoft Visual Studio Solution File, Format Version 12.00
# Visual Studio 2013
VisualStudioVersion = 12.0.21005.1
MinimumVisualStudioVersion = 10.0.40219.1
Project("{2150E333-8FDC-42A3-9474-1A3956D46DE8}") = "0_Presentacion", "0_Presentacion", "{56B70C45-EA9D-44D4-BE5E-1D2D89C440AB}"
EndProject
Project("{2150E333-8FDC-42A3-9474-1A3956D46DE8}") = "1_Aplicacion", "1_Aplicacion", "{B1DEFDC6-A7F2-481A-9574-E36691A165A7}"
EndProject
Project("{2150E333-8FDC-42A3-9474-1A3956D46DE8}") = "2_Dominio", "2_Dominio", "{E7C26CD7-C382-4EC1-A98C-EAC2E77985E0}"
EndProject
Project("{2150E333-8FDC-42A3-9474-1A3956D46DE8}") = "3_Infraestructura", "3_Infraestructura", "{B787B254-7E2C-43DE-B30F-D69ADF5835CF}"
EndProject
Project("{2150E333-8FDC-42A3-9474-1A3956D46DE8}") = "AgentesServicio", "AgentesServicio", "{200EC9A3-E17D-4735-AA90-43265BBDE958}"
EndProject
Project("{2150E333-8FDC-42A3-9474-1A3956D46DE8}") = "Datos", "Datos", "{150F8CA7-D8C0-4C2D-842D-8AA879B1FB17}"
EndProject
Project("{2150E333-8FDC-42A3-9474-1A3956D46DE8}") = "Transversal", "Transversal", "{DC2859B1-214C-44EB-9523-3699BF62C421}"
EndProject
Project("{FAE04EC0-301F-11D3-BF4B-00C04F79EFBC}") = "SSoft.DataAccess", "SSoft.DataAccess\SSoft.DataAccess\SSoft.DataAccess.csproj", "{D0E5B500-8F2A-4DEA-A938-C4990F6202E6}"
EndProject
Project("{FAE04EC0-301F-11D3-BF4B-00C04F79EFBC}") = "SSoft.Dominio", "SSoft.Dominio\SSoft.Dominio.csproj", "{DCF606BB-73EF-4C67-9494-DB7573353190}"
EndProject
Project("{FAE04EC0-301F-11D3-BF4B-00C04F79EFBC}") = "SSoft.Aplicacion", "SSoft.Aplicacion\SSoft.Aplicacion.csproj", "{FD11ACAC-D0CF-4BCC-8115-9477937BF10A}"
EndProject
Project("{FAE04EC0-301F-11D3-BF4B-00C04F79EFBC}") = "SSoft.MVC", "SSoft.MVC\SSoft.MVC.csproj", "{29839C96-DCD2-4828-943E-021FF16098B6}"
EndProject
Project("{FAE04EC0-301F-11D3-BF4B-00C04F79EFBC}") = "SSoft.Repositorio", "SSoft.Repositorio\SSoft.Repositorio.csproj", "{09F6BB90-CA2E-4B52-8010-7279CC1BE003}"
EndProject
Project("{FAE04EC0-301F-11D3-BF4B-00C04F79EFBC}") = "SSoft.Transversal", "SSoft.Transversal\SSoft.Transversal.csproj", "{311B6C95-2A69-4ED3-9919-6B2DCD4C8EBD}"
EndProject
Project("{FAE04EC0-301F-11D3-BF4B-00C04F79EFBC}") = "SSoft.IoT.MVC", "SSoft.IoT.MVC\SSoft.IoT.MVC.csproj", "{6440B96B-DA99-4D58-BE7F-B5FDF8867A5F}"
EndProject
Project("{FAE04EC0-301F-11D3-BF4B-00C04F79EFBC}") = "ApiRest", "ApiRest\ApiRest.csproj", "{D170B74D-C531-4B00-8408-5D353C29C1B0}"
EndProject
Project("{FAE04EC0-301F-11D3-BF4B-00C04F79EFBC}") = "SsoftCatalog", "SsoftCatalog\SsoftCatalog.csproj", "{285005CA-6076-456C-ADA4-158E79798300}"
EndProject
Global
	GlobalSection(SolutionConfigurationPlatforms) = preSolution
		Debug|Any CPU = Debug|Any CPU
		Release|Any CPU = Release|Any CPU
	EndGlobalSection
	GlobalSection(ProjectConfigurationPlatforms) = postSolution
		{D0E5B500-8F2A-4DEA-A938-C4990F6202E6}.Debug|Any CPU.ActiveCfg = Debug|Any CPU
		{D0E5B500-8F2A-4DEA-A938-C4990F6202E6}.Debug|Any CPU.Build.0 = Debug|Any CPU
		{D0E5B500-8F2A-4DEA-A938-C4990F6202E6}.Release|Any CPU.ActiveCfg = Release|Any CPU
		{D0E5B500-8F2A-4DEA-A938-C4990F6202E6}.Release|Any CPU.Build.0 = Release|Any CPU
		{DCF606BB-73EF-4C67-9494-DB7573353190}.Debug|Any CPU.ActiveCfg = Debug|Any CPU
		{DCF606BB-73EF-4C67-9494-DB7573353190}.Debug|Any CPU.Build.0 = Debug|Any CPU
		{DCF606BB-73EF-4C67-9494-DB7573353190}.Release|Any CPU.ActiveCfg = Release|Any CPU
		{DCF606BB-73EF-4C67-9494-DB7573353190}.Release|Any CPU.Build.0 = Release|Any CPU
		{FD11ACAC-D0CF-4BCC-8115-9477937BF10A}.Debug|Any CPU.ActiveCfg = Debug|Any CPU
		{FD11ACAC-D0CF-4BCC-8115-9477937BF10A}.Debug|Any CPU.Build.0 = Debug|Any CPU
		{FD11ACAC-D0CF-4BCC-8115-9477937BF10A}.Release|Any CPU.ActiveCfg = Release|Any CPU
		{FD11ACAC-D0CF-4BCC-8115-9477937BF10A}.Release|Any CPU.Build.0 = Release|Any CPU
		{29839C96-DCD2-4828-943E-021FF16098B6}.Debug|Any CPU.ActiveCfg = Debug|Any CPU
		{29839C96-DCD2-4828-943E-021FF16098B6}.Debug|Any CPU.Build.0 = Debug|Any CPU
		{29839C96-DCD2-4828-943E-021FF16098B6}.Release|Any CPU.ActiveCfg = Release|Any CPU
		{29839C96-DCD2-4828-943E-021FF16098B6}.Release|Any CPU.Build.0 = Release|Any CPU
		{09F6BB90-CA2E-4B52-8010-7279CC1BE003}.Debug|Any CPU.ActiveCfg = Debug|Any CPU
		{09F6BB90-CA2E-4B52-8010-7279CC1BE003}.Debug|Any CPU.Build.0 = Debug|Any CPU
		{09F6BB90-CA2E-4B52-8010-7279CC1BE003}.Release|Any CPU.ActiveCfg = Release|Any CPU
		{09F6BB90-CA2E-4B52-8010-7279CC1BE003}.Release|Any CPU.Build.0 = Release|Any CPU
		{311B6C95-2A69-4ED3-9919-6B2DCD4C8EBD}.Debug|Any CPU.ActiveCfg = Debug|Any CPU
		{311B6C95-2A69-4ED3-9919-6B2DCD4C8EBD}.Debug|Any CPU.Build.0 = Debug|Any CPU
		{311B6C95-2A69-4ED3-9919-6B2DCD4C8EBD}.Release|Any CPU.ActiveCfg = Release|Any CPU
		{311B6C95-2A69-4ED3-9919-6B2DCD4C8EBD}.Release|Any CPU.Build.0 = Release|Any CPU
		{6440B96B-DA99-4D58-BE7F-B5FDF8867A5F}.Debug|Any CPU.ActiveCfg = Debug|Any CPU
		{6440B96B-DA99-4D58-BE7F-B5FDF8867A5F}.Debug|Any CPU.Build.0 = Debug|Any CPU
		{6440B96B-DA99-4D58-BE7F-B5FDF8867A5F}.Release|Any CPU.ActiveCfg = Release|Any CPU
		{6440B96B-DA99-4D58-BE7F-B5FDF8867A5F}.Release|Any CPU.Build.0 = Release|Any CPU
		{D170B74D-C531-4B00-8408-5D353C29C1B0}.Debug|Any CPU.ActiveCfg = Debug|Any CPU
		{D170B74D-C531-4B00-8408-5D353C29C1B0}.Debug|Any CPU.Build.0 = Debug|Any CPU
		{D170B74D-C531-4B00-8408-5D353C29C1B0}.Release|Any CPU.ActiveCfg = Release|Any CPU
		{D170B74D-C531-4B00-8408-5D353C29C1B0}.Release|Any CPU.Build.0 = Release|Any CPU
		{285005CA-6076-456C-ADA4-158E79798300}.Debug|Any CPU.ActiveCfg = Debug|Any CPU
		{285005CA-6076-456C-ADA4-158E79798300}.Debug|Any CPU.Build.0 = Debug|Any CPU
		{285005CA-6076-456C-ADA4-158E79798300}.Release|Any CPU.ActiveCfg = Release|Any CPU
		{285005CA-6076-456C-ADA4-158E79798300}.Release|Any CPU.Build.0 = Release|Any CPU
	EndGlobalSection
	GlobalSection(SolutionProperties) = preSolution
		HideSolutionNode = FALSE
	EndGlobalSection
	GlobalSection(NestedProjects) = preSolution
		{29839C96-DCD2-4828-943E-021FF16098B6} = {56B70C45-EA9D-44D4-BE5E-1D2D89C440AB}
		{6440B96B-DA99-4D58-BE7F-B5FDF8867A5F} = {56B70C45-EA9D-44D4-BE5E-1D2D89C440AB}
		{D170B74D-C531-4B00-8408-5D353C29C1B0} = {56B70C45-EA9D-44D4-BE5E-1D2D89C440AB}
		{285005CA-6076-456C-ADA4-158E79798300} = {56B70C45-EA9D-44D4-BE5E-1D2D89C440AB}
		{FD11ACAC-D0CF-4BCC-8115-9477937BF10A} = {B1DEFDC6-A7F2-481A-9574-E36691A165A7}
		{DCF606BB-73EF-4C67-9494-DB7573353190} = {E7C26CD7-C382-4EC1-A98C-EAC2E77985E0}
		{09F6BB90-CA2E-4B52-8010-7279CC1BE003} = {E7C26CD7-C382-4EC1-A98C-EAC2E77985E0}
		{200EC9A3-E17D-4735-AA90-43265BBDE958} = {B787B254-7E2C-43DE-B30F-D69ADF5835CF}
		{150F8CA7-D8C0-4C2D-842D-8AA879B1FB17} = {B787B254-7E2C-43DE-B30F-D69ADF5835CF}
		{DC2859B1-214C-44EB-9523-3699BF62C421} = {B787B254-7E2C-43DE-B30F-D69ADF5835CF}
		{D0E5B500-8F2A-4DEA-A938-C4990F6202E6} = {150F8CA7-D8C0-4C2D-842D-8AA879B1FB17}
		{311B6C95-2A69-4ED3-9919-6B2DCD4C8EBD} = {DC2859B1-214C-44EB-9523-3699BF62C421}
	EndGlobalSection
EndGlobal
